{
	"name": "stremio-video",
	"version": "0.0.1",
	"lockfileVersion": 1,
	"requires": true,
	"dependencies": {
		"events": {
			"version": "1.1.1",
			"resolved": "https://registry.npmjs.org/events/-/events-1.1.1.tgz",
			"integrity": "sha1-nr23Y1rQmccNzEwqH1AEKI6L2SQ="
		},
		"punycode": {
			"version": "1.3.2",
			"resolved": "https://registry.npmjs.org/punycode/-/punycode-1.3.2.tgz",
			"integrity": "sha1-llOgNvt8HuQjQvIyXM7v6jkmxI0="
		},
		"querystring": {
			"version": "0.2.0",
			"resolved": "https://registry.npmjs.org/querystring/-/querystring-0.2.0.tgz",
			"integrity": "sha1-sgmEkgO7Jd+CDadW50cAWHhSFiA="
		},
		"url": {
			"version": "0.11.0",
			"resolved": "https://registry.npmjs.org/url/-/url-0.11.0.tgz",
			"integrity": "sha1-ODjpfPxgUh63PFJajlW/3Z4uKPE=",
			"requires": {
				"punycode": "1.3.2",
				"querystring": "0.2.0"
			}
		},
		"video-name-parser": {
			"version": "1.4.6",
			"resolved": "https://registry.npmjs.org/video-name-parser/-/video-name-parser-1.4.6.tgz",
			"integrity": "sha512-ZdeYjh8X4ms1EzjY/UoiTZ6JWbi8SYyOPGY0jESSLq2BAmdc5sZHi+F8J19Qz0y7H1WSpaltojsCkO1p2dH4YA=="
		},
		"vtt.js": {
			"version": "0.13.0",
			"resolved": "https://registry.npmjs.org/vtt.js/-/vtt.js-0.13.0.tgz",
			"integrity": "sha1-lVxmezTVMlsgEsuei6m61uCxH/g="
		}
	}
}
